<?xml version="1.0" encoding="utf-8"?>
<Project ToolsVersion="4.0" xmlns="http://schemas.microsoft.com/developer/msbuild/2003">
  <ItemGroup>
    <ClCompile Include="dllmain.cpp" />
    <ClCompile Include="pch.cpp" />
    <ClCompile Include="Camera\CCamera.cpp">
      <Filter>Camera</Filter>
    </ClCompile>
    <ClCompile Include="Mesh\CMesh.cpp">
      <Filter>Mesh</Filter>
    </ClCompile>
    <ClCompile Include="glad.c" />
    <ClCompile Include="Window\CWindow.cpp">
      <Filter>Window</Filter>
    </ClCompile>
    <ClCompile Include="ShaderHelper\CShaderHelper.cpp">
      <Filter>ShaderHelper</Filter>
    </ClCompile>
    <ClCompile Include="TMuffin.cpp" />
    <ClCompile Include="ResourceLoader\CResourceLoader.cpp">
      <Filter>ResourceLoader</Filter>
    </ClCompile>
    <ClCompile Include="Camera\CCameraManager.cpp">
      <Filter>Camera</Filter>
    </ClCompile>
    <ClCompile Include="Engine\Engine.cpp">
      <Filter>Engine</Filter>
    </ClCompile>
    <ClCompile Include="Engine\ExportFunction.cpp">
      <Filter>Engine</Filter>
    </ClCompile>
    <ClCompile Include="Light\CLight.cpp">
      <Filter>Light</Filter>
    </ClCompile>
    <ClCompile Include="Light\CLightManager.cpp">
      <Filter>Light</Filter>
    </ClCompile>
    <ClCompile Include="GameObject\CGameObject.cpp">
      <Filter>GameObject</Filter>
    </ClCompile>
    <ClCompile Include="GameObject\CGameObjectManager.cpp">
      <Filter>GameObject</Filter>
    </ClCompile>
    <ClCompile Include="Particle\CParticle.cpp">
      <Filter>Particle</Filter>
    </ClCompile>
    <ClCompile Include="Particle\CParticleEmitter.cpp">
      <Filter>Particle</Filter>
    </ClCompile>
    <ClCompile Include="Engine\Muffin.cpp">
      <Filter>Engine</Filter>
    </ClCompile>
    <ClCompile Include="Particle\CParticleEmitterManager.cpp">
      <Filter>Particle</Filter>
    </ClCompile>
    <ClCompile Include="Physics\PhysicsHelper.cpp">
      <Filter>Physics</Filter>
    </ClCompile>
    <ClCompile Include="Physics\CPhysicsObject.cpp">
      <Filter>Physics</Filter>
    </ClCompile>
    <ClCompile Include="Physics\CPhysicsReactor.cpp">
      <Filter>Physics</Filter>
    </ClCompile>
    <ClCompile Include="Graphics\CGraphicsObject.cpp">
      <Filter>Graphics</Filter>
    </ClCompile>
    <ClCompile Include="Graphics\CGraphicsRenderer.cpp">
      <Filter>Graphics</Filter>
    </ClCompile>
    <ClCompile Include="Physics\CRigidBody.cpp">
      <Filter>Physics</Filter>
    </ClCompile>
    <ClCompile Include="Physics\CColliderBase.cpp">
      <Filter>Physics</Filter>
    </ClCompile>
    <ClCompile Include="Physics\CColliderBox.cpp">
      <Filter>Physics</Filter>
    </ClCompile>
    <ClCompile Include="Physics\CColliderCapsule.cpp">
      <Filter>Physics</Filter>
    </ClCompile>
    <ClCompile Include="Physics\CColliderMesh.cpp">
      <Filter>Physics</Filter>
    </ClCompile>
    <ClCompile Include="Physics\CColliderPlane.cpp">
      <Filter>Physics</Filter>
    </ClCompile>
    <ClCompile Include="Physics\CColliderSphere.cpp">
      <Filter>Physics</Filter>
    </ClCompile>
    <ClCompile Include="Material\CMaterialBase.cpp">
      <Filter>Material</Filter>
    </ClCompile>
    <ClCompile Include="Material\CMaterialDefault.cpp">
      <Filter>Material</Filter>
    </ClCompile>
    <ClCompile Include="Material\CMaterialStandard.cpp">
      <Filter>Material</Filter>
    </ClCompile>
    <ClCompile Include="Texture\CTexture.cpp">
      <Filter>Texture</Filter>
    </ClCompile>
    <ClCompile Include="SkyBox\CSkyBox.cpp">
      <Filter>SkyBox</Filter>
    </ClCompile>
  </ItemGroup>
  <ItemGroup>
    <ClInclude Include="pch.h" />
    <ClInclude Include="Camera\CCamera.h">
      <Filter>Camera</Filter>
    </ClInclude>
    <ClInclude Include="Mesh\CMesh.h">
      <Filter>Mesh</Filter>
    </ClInclude>
    <ClInclude Include="Window\CWindow.h">
      <Filter>Window</Filter>
    </ClInclude>
    <ClInclude Include="CommonDefine.h" />
    <ClInclude Include="TMuffin.h" />
    <ClInclude Include="ShaderHelper\CShaderHelper.h">
      <Filter>ShaderHelper</Filter>
    </ClInclude>
    <ClInclude Include="ResourceLoader\CResourceLoader.h">
      <Filter>ResourceLoader</Filter>
    </ClInclude>
    <ClInclude Include="Camera\CCameraManager.h">
      <Filter>Camera</Filter>
    </ClInclude>
    <ClInclude Include="Engine\Engine.h">
      <Filter>Engine</Filter>
    </ClInclude>
    <ClInclude Include="Engine\ExportFunction.h">
      <Filter>Engine</Filter>
    </ClInclude>
    <ClInclude Include="Light\CLight.h">
      <Filter>Light</Filter>
    </ClInclude>
    <ClInclude Include="Light\CLightManager.h">
      <Filter>Light</Filter>
    </ClInclude>
    <ClInclude Include="GameObject\CGameObject.h">
      <Filter>GameObject</Filter>
    </ClInclude>
    <ClInclude Include="GameObject\CGameObjectManager.h">
      <Filter>GameObject</Filter>
    </ClInclude>
    <ClInclude Include="Particle\CParticle.h">
      <Filter>Particle</Filter>
    </ClInclude>
    <ClInclude Include="Particle\CParticleEmitter.h">
      <Filter>Particle</Filter>
    </ClInclude>
    <ClInclude Include="Utility\CGUIDMaker.h">
      <Filter>Utility</Filter>
    </ClInclude>
    <ClInclude Include="Engine\Muffin.h">
      <Filter>Engine</Filter>
    </ClInclude>
    <ClInclude Include="Particle\CParticleEmitterManager.h">
      <Filter>Particle</Filter>
    </ClInclude>
    <ClInclude Include="Physics\PhysicsHelper.h">
      <Filter>Physics</Filter>
    </ClInclude>
    <ClInclude Include="Physics\CPhysicsObject.h">
      <Filter>Physics</Filter>
    </ClInclude>
    <ClInclude Include="Physics\CPhysicsReactor.h">
      <Filter>Physics</Filter>
    </ClInclude>
    <ClInclude Include="Graphics\CGraphicsObject.h">
      <Filter>Graphics</Filter>
    </ClInclude>
    <ClInclude Include="Graphics\CGraphicsRenderer.h">
      <Filter>Graphics</Filter>
    </ClInclude>
    <ClInclude Include="Physics\CRigidBody.h">
      <Filter>Physics</Filter>
    </ClInclude>
    <ClInclude Include="Physics\CColliderPlane.h">
      <Filter>Physics</Filter>
    </ClInclude>
    <ClInclude Include="Physics\CColliderSphere.h">
      <Filter>Physics</Filter>
    </ClInclude>
    <ClInclude Include="Physics\CColliderBox.h">
      <Filter>Physics</Filter>
    </ClInclude>
    <ClInclude Include="Physics\CColliderCapsule.h">
      <Filter>Physics</Filter>
    </ClInclude>
    <ClInclude Include="Physics\CColliderMesh.h">
      <Filter>Physics</Filter>
    </ClInclude>
    <ClInclude Include="Physics\CColliderBase.h">
      <Filter>Physics</Filter>
    </ClInclude>
    <ClInclude Include="Physics\PhysicsDefine.h">
      <Filter>Physics</Filter>
    </ClInclude>
    <ClInclude Include="Material\CMaterialBase.h">
      <Filter>Material</Filter>
    </ClInclude>
    <ClInclude Include="Material\CMaterialStandard.h">
      <Filter>Material</Filter>
    </ClInclude>
    <ClInclude Include="Material\CMaterialDefault.h">
      <Filter>Material</Filter>
    </ClInclude>
    <ClInclude Include="Texture\CTexture.h">
      <Filter>Texture</Filter>
    </ClInclude>
    <ClInclude Include="SkyBox\CSkyBox.h">
      <Filter>SkyBox</Filter>
    </ClInclude>
  </ItemGroup>
  <ItemGroup>
    <Filter Include="Camera">
      <UniqueIdentifier>{26e02fcf-b768-4dac-ad3b-60c136aa4b03}</UniqueIdentifier>
    </Filter>
    <Filter Include="Window">
      <UniqueIdentifier>{73dbc934-0e3c-421b-a1c1-3f03d4ba3346}</UniqueIdentifier>
    </Filter>
    <Filter Include="Mesh">
      <UniqueIdentifier>{260fad13-f622-4893-9931-2a861c6cba4a}</UniqueIdentifier>
    </Filter>
    <Filter Include="ShaderHelper">
      <UniqueIdentifier>{83303453-8bd8-4a6b-9fae-49ea5e53e396}</UniqueIdentifier>
    </Filter>
    <Filter Include="ResourceLoader">
      <UniqueIdentifier>{6afbc6ee-cc89-4009-ac7a-4c84215e7e5c}</UniqueIdentifier>
    </Filter>
    <Filter Include="Light">
      <UniqueIdentifier>{14370ee5-43ca-4129-b56c-1d53dfdbc5af}</UniqueIdentifier>
    </Filter>
    <Filter Include="Physics">
      <UniqueIdentifier>{e53ca5d0-b7a1-418a-88d2-c97a586ae396}</UniqueIdentifier>
    </Filter>
    <Filter Include="Engine">
      <UniqueIdentifier>{a4c53223-3d74-4a77-b352-a40fa8b53a28}</UniqueIdentifier>
    </Filter>
    <Filter Include="GameObject">
      <UniqueIdentifier>{215db145-0094-43ed-baa5-1d06b9cdfbc3}</UniqueIdentifier>
    </Filter>
    <Filter Include="Particle">
      <UniqueIdentifier>{e2840aea-0d48-456a-85ce-3954873df463}</UniqueIdentifier>
    </Filter>
    <Filter Include="Utility">
      <UniqueIdentifier>{f1d33e26-be67-43a3-ab59-5d932023dc48}</UniqueIdentifier>
    </Filter>
    <Filter Include="Texture">
      <UniqueIdentifier>{19f8dc0a-16ef-4ae9-ad55-e9d79f3d9bd1}</UniqueIdentifier>
    </Filter>
    <Filter Include="Graphics">
      <UniqueIdentifier>{a6b7681d-4821-469f-ba09-e31d5da35d0a}</UniqueIdentifier>
    </Filter>
    <Filter Include="Material">
      <UniqueIdentifier>{3ef69440-e71b-4df1-af06-4bbf4f57e874}</UniqueIdentifier>
    </Filter>
    <Filter Include="SkyBox">
      <UniqueIdentifier>{1cf4b1a8-5a7b-4fd6-808f-ac8485043edc}</UniqueIdentifier>
    </Filter>
  </ItemGroup>
</Project>