<?xml version="1.0" encoding="utf-8"?>
<Project ToolsVersion="4.0" xmlns="http://schemas.microsoft.com/developer/msbuild/2003">
  <ItemGroup>
    <ClCompile Include="main.cpp" />
    <ClCompile Include="stdafx.cpp" />
    <ClCompile Include="Server\CServer.cpp">
      <Filter>Server</Filter>
    </ClCompile>
    <ClCompile Include="Server\MessageHandler.cpp">
      <Filter>Server</Filter>
    </ClCompile>
  </ItemGroup>
  <ItemGroup>
    <ClInclude Include="stdafx.h" />
    <ClInclude Include="Server\CServer.h">
      <Filter>Server</Filter>
    </ClInclude>
    <ClInclude Include="Server\CSession.h">
      <Filter>Server</Filter>
    </ClInclude>
    <ClInclude Include="Server\MessageHandler.h">
      <Filter>Server</Filter>
    </ClInclude>
    <ClInclude Include="CommonDefine.h" />
  </ItemGroup>
  <ItemGroup>
    <Filter Include="Server">
      <UniqueIdentifier>{8616f421-51c8-462d-b923-57fe603f8b2e}</UniqueIdentifier>
    </Filter>
  </ItemGroup>
</Project>